
Microsoft Visual Studio Solution File, Format Version 12.00
# Visual Studio Version 17
VisualStudioVersion = 17.2.32630.192
MinimumVisualStudioVersion = 10.0.40219.1
Project("{FAE04EC0-301F-11D3-BF4B-00C04F79EFBC}") = "WorkerServiceServer", "WorkerServiceServer\WorkerServiceServer.csproj", "{2EA2065F-666E-46F9-9370-AF3AC1B82BE5}"
EndProject
Project("{FAE04EC0-301F-11D3-BF4B-00C04F79EFBC}") = "SimpleClient", "SimpleClient\SimpleClient.csproj", "{96A127EB-89DE-4F1C-A36E-B194F9D7C9AA}"
EndProject
Global
	GlobalSection(SolutionConfigurationPlatforms) = preSolution
		Debug|Any CPU = Debug|Any CPU
		Release|Any CPU = Release|Any CPU
	EndGlobalSection
	GlobalSection(ProjectConfigurationPlatforms) = postSolution
		{2EA2065F-666E-46F9-9370-AF3AC1B82BE5}.Debug|Any CPU.ActiveCfg = Debug|Any CPU
		{2EA2065F-666E-46F9-9370-AF3AC1B82BE5}.Debug|Any CPU.Build.0 = Debug|Any CPU
		{2EA2065F-666E-46F9-9370-AF3AC1B82BE5}.Release|Any CPU.ActiveCfg = Release|Any CPU
		{2EA2065F-666E-46F9-9370-AF3AC1B82BE5}.Release|Any CPU.Build.0 = Release|Any CPU
		{96A127EB-89DE-4F1C-A36E-B194F9D7C9AA}.Debug|Any CPU.ActiveCfg = Debug|Any CPU
		{96A127EB-89DE-4F1C-A36E-B194F9D7C9AA}.Debug|Any CPU.Build.0 = Debug|Any CPU
		{96A127EB-89DE-4F1C-A36E-B194F9D7C9AA}.Release|Any CPU.ActiveCfg = Release|Any CPU
		{96A127EB-89DE-4F1C-A36E-B194F9D7C9AA}.Release|Any CPU.Build.0 = Release|Any CPU
	EndGlobalSection
	GlobalSection(SolutionProperties) = preSolution
		HideSolutionNode = FALSE
	EndGlobalSection
	GlobalSection(ExtensibilityGlobals) = postSolution
		SolutionGuid = {9E946341-0922-442B-87F3-DEE56BA7CE23}
	EndGlobalSection
EndGlobal
